{
  "name": "nhs-notify",
  "version": "1.0.0",
  "lockfileVersion": 3,
  "requires": true,
  "packages": {
    "": {
      "name": "nhs-notify",
      "version": "1.0.0",
      "license": "ISC",
      "dependencies": {
        "nhsuk-frontend": "^8.1.1"
      },
      "devDependencies": {}
    },
    "node_modules/nhsuk-frontend": {
      "version": "8.2.0",
      "resolved": "https://registry.npmjs.org/nhsuk-frontend/-/nhsuk-frontend-8.2.0.tgz",
      "integrity": "sha512-qVMhgQqz0UD9D/sXqvllinge2WeGBwyBxdJAfcNxEvWl4oZ6FWCZbMFE9YCTqDjpfy9k2K251x8QJm1MssSA6Q=="
    }
  }
}
